
Microsoft Visual Studio Solution File, Format Version 12.00
# Visual Studio Version 17
VisualStudioVersion = 17.5.33530.505
MinimumVisualStudioVersion = 10.0.40219.1
Project("{9A19103F-16F7-4668-BE54-9A1E7A4F7556}") = "ExpenseMaster", "ExpenseMaster\ExpenseMaster.csproj", "{88432A3C-5386-4490-A7C6-D2EC4EF8BC5E}"
EndProject
Project("{2150E333-8FDC-42A3-9474-1A3956D46DE8}") = "1. ExpenseMaster", "1. ExpenseMaster", "{FE5D901D-43EC-4256-B75E-8549493F89A9}"
EndProject
Project("{2150E333-8FDC-42A3-9474-1A3956D46DE8}") = "2. BusinessLogic", "2. BusinessLogic", "{D7ECCE36-64DB-4C11-8401-8C73C89D55E0}"
EndProject
Project("{2150E333-8FDC-42A3-9474-1A3956D46DE8}") = "3. DAL", "3. DAL", "{59F05E29-1D8B-40B4-B83F-3DB8C1363E70}"
EndProject
Project("{9A19103F-16F7-4668-BE54-9A1E7A4F7556}") = "ExpenseMaster.BusinessLogic", "ExpenseMaster.BusinessLogic\ExpenseMaster.BusinessLogic.csproj", "{34B17C3E-4788-4ABB-AECC-D2DFE025DE28}"
EndProject
Project("{9A19103F-16F7-4668-BE54-9A1E7A4F7556}") = "ExpenseMaster.DAL", "ExpenseMaster.DAL\ExpenseMaster.DAL.csproj", "{D138E74C-67F5-4BBD-98FD-B2F9F5429BA0}"
EndProject
Global
	GlobalSection(SolutionConfigurationPlatforms) = preSolution
		Debug|Any CPU = Debug|Any CPU
		Release|Any CPU = Release|Any CPU
	EndGlobalSection
	GlobalSection(ProjectConfigurationPlatforms) = postSolution
		{88432A3C-5386-4490-A7C6-D2EC4EF8BC5E}.Debug|Any CPU.ActiveCfg = Debug|Any CPU
		{88432A3C-5386-4490-A7C6-D2EC4EF8BC5E}.Debug|Any CPU.Build.0 = Debug|Any CPU
		{88432A3C-5386-4490-A7C6-D2EC4EF8BC5E}.Release|Any CPU.ActiveCfg = Release|Any CPU
		{88432A3C-5386-4490-A7C6-D2EC4EF8BC5E}.Release|Any CPU.Build.0 = Release|Any CPU
		{34B17C3E-4788-4ABB-AECC-D2DFE025DE28}.Debug|Any CPU.ActiveCfg = Debug|Any CPU
		{34B17C3E-4788-4ABB-AECC-D2DFE025DE28}.Debug|Any CPU.Build.0 = Debug|Any CPU
		{34B17C3E-4788-4ABB-AECC-D2DFE025DE28}.Release|Any CPU.ActiveCfg = Release|Any CPU
		{34B17C3E-4788-4ABB-AECC-D2DFE025DE28}.Release|Any CPU.Build.0 = Release|Any CPU
		{D138E74C-67F5-4BBD-98FD-B2F9F5429BA0}.Debug|Any CPU.ActiveCfg = Debug|Any CPU
		{D138E74C-67F5-4BBD-98FD-B2F9F5429BA0}.Debug|Any CPU.Build.0 = Debug|Any CPU
		{D138E74C-67F5-4BBD-98FD-B2F9F5429BA0}.Release|Any CPU.ActiveCfg = Release|Any CPU
		{D138E74C-67F5-4BBD-98FD-B2F9F5429BA0}.Release|Any CPU.Build.0 = Release|Any CPU
	EndGlobalSection
	GlobalSection(SolutionProperties) = preSolution
		HideSolutionNode = FALSE
	EndGlobalSection
	GlobalSection(NestedProjects) = preSolution
		{88432A3C-5386-4490-A7C6-D2EC4EF8BC5E} = {FE5D901D-43EC-4256-B75E-8549493F89A9}
		{34B17C3E-4788-4ABB-AECC-D2DFE025DE28} = {D7ECCE36-64DB-4C11-8401-8C73C89D55E0}
		{D138E74C-67F5-4BBD-98FD-B2F9F5429BA0} = {59F05E29-1D8B-40B4-B83F-3DB8C1363E70}
	EndGlobalSection
	GlobalSection(ExtensibilityGlobals) = postSolution
		SolutionGuid = {26A3C971-6AD3-418C-B663-576B3E6C9B25}
	EndGlobalSection
EndGlobal
